{
    "name": "bloc-example",
    "version": "1.0.0",
    "lockfileVersion": 3,
    "requires": true,
    "packages": {
        "": {
            "name": "bloc-example",
            "version": "1.0.0",
            "license": "ISC",
            "dependencies": {
                "@felangel/bloc": "../",
                "rxjs": "^6.5.2"
            },
            "devDependencies": {
                "@types/node": "^10.11.0",
                "typescript": "^3.0.3"
            }
        },
        "..": {
            "name": "@felangel/bloc",
            "version": "0.3.0",
            "license": "MIT",
            "devDependencies": {
                "@types/jest": "^23.3.2",
                "@types/node": "^10.14.15",
                "colors": "^1.3.2",
                "cross-env": "^5.2.0",
                "jest": "^26.4.2",
                "jest-config": "^26.4.2",
                "lint-staged": "^13.1.0",
                "lodash.camelcase": "^4.3.0",
                "prettier": "^1.14.3",
                "replace-in-file": "^3.4.2",
                "rimraf": "^2.6.2",
                "rollup": "^0.67.0",
                "rollup-plugin-commonjs": "^9.1.8",
                "rollup-plugin-json": "^3.1.0",
                "rollup-plugin-node-resolve": "^3.4.0",
                "rollup-plugin-sourcemaps": "^0.4.2",
                "rollup-plugin-typescript2": "^0.22.1",
                "rxjs": "^6.6.7",
                "ts-jest": "^26.3.0",
                "ts-node": "^7.0.1",
                "tslint": "^5.11.0",
                "tslint-config-prettier": "^1.15.0",
                "tslint-config-standard": "^8.0.1",
                "typedoc": "^0.15.0",
                "typescript": "^3.0.3"
            },
            "engines": {
                "node": ">=6.0.0"
            },
            "peerDependencies": {
                "rxjs": "6.x.x"
            }
        },
        "node_modules/@felangel/bloc": {
            "resolved": "..",
            "link": true
        },
        "node_modules/@types/node": {
            "version": "10.14.15",
            "resolved": "https://registry.npmjs.org/@types/node/-/node-10.14.15.tgz",
            "integrity": "sha512-CBR5avlLcu0YCILJiDIXeU2pTw7UK/NIxfC63m7d7CVamho1qDEzXKkOtEauQRPMy6MI8mLozth+JJkas7HY6g==",
            "dev": true
        },
        "node_modules/rxjs": {
            "version": "6.5.2",
            "resolved": "https://registry.npmjs.org/rxjs/-/rxjs-6.5.2.tgz",
            "integrity": "sha512-HUb7j3kvb7p7eCUHE3FqjoDsC1xfZQ4AHFWfTKSpZ+sAhhz5X1WX0ZuUqWbzB2QhSLp3DoLUG+hMdEDKqWo2Zg==",
            "dependencies": {
                "tslib": "^1.9.0"
            },
            "engines": {
                "npm": ">=2.0.0"
            }
        },
        "node_modules/tslib": {
            "version": "1.10.0",
            "resolved": "https://registry.npmjs.org/tslib/-/tslib-1.10.0.tgz",
            "integrity": "sha512-qOebF53frne81cf0S9B41ByenJ3/IuH8yJKngAX35CmiZySA0khhkovshKK+jGCaMnVomla7gVlIcc3EvKPbTQ=="
        },
        "node_modules/typescript": {
            "version": "3.5.3",
            "resolved": "https://registry.npmjs.org/typescript/-/typescript-3.5.3.tgz",
            "integrity": "sha512-ACzBtm/PhXBDId6a6sDJfroT2pOWt/oOnk4/dElG5G33ZL776N3Y6/6bKZJBFpd+b05F3Ct9qDjMeJmRWtE2/g==",
            "dev": true,
            "bin": {
                "tsc": "bin/tsc",
                "tsserver": "bin/tsserver"
            },
            "engines": {
                "node": ">=4.2.0"
            }
        }
    }
}
